
Microsoft Visual Studio Solution File, Format Version 12.00
Project("{FAE04EC0-301F-11D3-BF4B-00C04F79EFBC}") = "API_ZAD_1", "API_ZAD_1\API_ZAD_1.csproj", "{79133264-E52B-450B-8192-DE77D0AC25DE}"
EndProject
Global
	GlobalSection(SolutionConfigurationPlatforms) = preSolution
		Debug|Any CPU = Debug|Any CPU
		Release|Any CPU = Release|Any CPU
	EndGlobalSection
	GlobalSection(ProjectConfigurationPlatforms) = postSolution
		{79133264-E52B-450B-8192-DE77D0AC25DE}.Debug|Any CPU.ActiveCfg = Debug|Any CPU
		{79133264-E52B-450B-8192-DE77D0AC25DE}.Debug|Any CPU.Build.0 = Debug|Any CPU
		{79133264-E52B-450B-8192-DE77D0AC25DE}.Release|Any CPU.ActiveCfg = Release|Any CPU
		{79133264-E52B-450B-8192-DE77D0AC25DE}.Release|Any CPU.Build.0 = Release|Any CPU
	EndGlobalSection
EndGlobal
